{
  "name": "xzs-api-nav",
  "lockfileVersion": 2,
  "requires": true,
  "packages": {
    "": {
      "name": "xzs-api-nav",
      "dependencies": {
        "xzs-utils": "file:../common/xzs-utils"
      }
    },
    "../common/xzs-utils": {
      "version": "1.0.0",
      "license": "ISC"
    },
    "node_modules/xzs-utils": {
      "resolved": "../common/xzs-utils",
      "link": true
    }
  },
  "dependencies": {
    "xzs-utils": {
      "version": "file:../common/xzs-utils"
    }
  }
}
